
Microsoft Visual Studio Solution File, Format Version 12.00
# Visual Studio Version 16
VisualStudioVersion = 16.0.31019.35
MinimumVisualStudioVersion = 10.0.40219.1
Project("{9A19103F-16F7-4668-BE54-9A1E7A4F7556}") = "LaptopShop", "LaptopShop\LaptopShop.csproj", "{8BC2E20F-CA01-4497-874A-5635C44B327D}"
EndProject
Project("{9A19103F-16F7-4668-BE54-9A1E7A4F7556}") = "LaptopShop_MVC", "LaptopShop_MVC\LaptopShop_MVC.csproj", "{915449B1-0B3A-4FC8-B95D-1BAE716B46D1}"
EndProject
Project("{FAE04EC0-301F-11D3-BF4B-00C04F79EFBC}") = "ERD", "ERD\ERD.csproj", "{1F9DEE44-B73E-4BF0-BBA8-48E7157B984A}"
EndProject
Global
	GlobalSection(SolutionConfigurationPlatforms) = preSolution
		Debug|Any CPU = Debug|Any CPU
		Release|Any CPU = Release|Any CPU
	EndGlobalSection
	GlobalSection(ProjectConfigurationPlatforms) = postSolution
		{8BC2E20F-CA01-4497-874A-5635C44B327D}.Debug|Any CPU.ActiveCfg = Debug|Any CPU
		{8BC2E20F-CA01-4497-874A-5635C44B327D}.Debug|Any CPU.Build.0 = Debug|Any CPU
		{8BC2E20F-CA01-4497-874A-5635C44B327D}.Release|Any CPU.ActiveCfg = Release|Any CPU
		{8BC2E20F-CA01-4497-874A-5635C44B327D}.Release|Any CPU.Build.0 = Release|Any CPU
		{915449B1-0B3A-4FC8-B95D-1BAE716B46D1}.Debug|Any CPU.ActiveCfg = Debug|Any CPU
		{915449B1-0B3A-4FC8-B95D-1BAE716B46D1}.Debug|Any CPU.Build.0 = Debug|Any CPU
		{915449B1-0B3A-4FC8-B95D-1BAE716B46D1}.Release|Any CPU.ActiveCfg = Release|Any CPU
		{915449B1-0B3A-4FC8-B95D-1BAE716B46D1}.Release|Any CPU.Build.0 = Release|Any CPU
		{1F9DEE44-B73E-4BF0-BBA8-48E7157B984A}.Debug|Any CPU.ActiveCfg = Debug|Any CPU
		{1F9DEE44-B73E-4BF0-BBA8-48E7157B984A}.Debug|Any CPU.Build.0 = Debug|Any CPU
		{1F9DEE44-B73E-4BF0-BBA8-48E7157B984A}.Release|Any CPU.ActiveCfg = Release|Any CPU
		{1F9DEE44-B73E-4BF0-BBA8-48E7157B984A}.Release|Any CPU.Build.0 = Release|Any CPU
	EndGlobalSection
	GlobalSection(SolutionProperties) = preSolution
		HideSolutionNode = FALSE
	EndGlobalSection
	GlobalSection(ExtensibilityGlobals) = postSolution
		SolutionGuid = {E5594A6B-83D8-4534-9273-B03374B2F2F4}
	EndGlobalSection
EndGlobal
